# This file is automatically @generated by Cargo.
# It is not intended for manual editing.
version = 4

[[package]]
name = "htmlpdf-cli"
version = "0.1.0"
dependencies = [
 "htmlpdf-core",
]

[[package]]
name = "htmlpdf-core"
version = "0.1.0"

[[package]]
name = "htmlpdf-server"
version = "0.1.0"
dependencies = [
 "htmlpdf-core",
]
